// !$*UTF8*$!
{
	archiveVersion = 1;
	classes = {
	};
	objectVersion = 46;
	objects = {

/* Begin PBXBuildFile section */
		37EF256F1C93D4220005E84A /* AppDelegate.swift in Sources */ = {isa = PBXBuildFile; fileRef = 37EF256E1C93D4220005E84A /* AppDelegate.swift */; };
		37EF25711C93D4220005E84A /* ViewController.swift in Sources */ = {isa = PBXBuildFile; fileRef = 37EF25701C93D4220005E84A /* ViewController.swift */; };
		37EF25741C93D4220005E84A /* Main.storyboard in Resources */ = {isa = PBXBuildFile; fileRef = 37EF25721C93D4220005E84A /* Main.storyboard */; };
		37EF25761C93D4220005E84A /* Assets.xcassets in Resources */ = {isa = PBXBuildFile; fileRef = 37EF25751C93D4220005E84A /* Assets.xcassets */; };
		37EF25791C93D4220005E84A /* LaunchScreen.storyboard in Resources */ = {isa = PBXBuildFile; fileRef = 37EF25771C93D4220005E84A /* LaunchScreen.storyboard */; };
		FF022AA0F5B677725E9DD39C /* Pods_KimuLight.framework in Frameworks */ = {isa = PBXBuildFile; fileRef = 36D8B6A275A1034D36149AD6 /* Pods_KimuLight.framework */; };
/* End PBXBuildFile section */

/* Begin PBXFileReference section */
		36D8B6A275A1034D36149AD6 /* Pods_KimuLight.framework */ = {isa = PBXFileReference; explicitFileType = wrapper.framework; includeInIndex = 0; path = Pods_KimuLight.framework; sourceTree = BUILT_PRODUCTS_DIR; };
		37EF256B1C93D4220005E84A /* KimuLight.app */ = {isa = PBXFileReference; explicitFileType = wrapper.application; includeInIndex = 0; path = KimuLight.app; sourceTree = BUILT_PRODUCTS_DIR; };
		37EF256E1C93D4220005E84A /* AppDelegate.swift */ = {isa = PBXFileReference; lastKnownFileType = sourcecode.swift; path = AppDelegate.swift; sourceTree = "<group>"; };
		37EF25701C93D4220005E84A /* ViewController.swift */ = {isa = PBXFileReference; lastKnownFileType = sourcecode.swift; path = ViewController.swift; sourceTree = "<group>"; };
		37EF25731C93D4220005E84A /* Base */ = {isa = PBXFileReference; lastKnownFileType = file.storyboard; name = Base; path = Base.lproj/Main.storyboard; sourceTree = "<group>"; };
		37EF25751C93D4220005E84A /* Assets.xcassets */ = {isa = PBXFileReference; lastKnownFileType = folder.assetcatalog; path = Assets.xcassets; sourceTree = "<group>"; };
		37EF25781C93D4220005E84A /* Base */ = {isa = PBXFileReference; lastKnownFileType = file.storyboard; name = Base; path = Base.lproj/LaunchScreen.storyboard; sourceTree = "<group>"; };
		37EF257A1C93D4220005E84A /* Info.plist */ = {isa = PBXFileReference; lastKnownFileType = text.plist.xml; path = Info.plist; sourceTree = "<group>"; };
		BE9D8711203DAEC637176BFF /* Pods-KimuLight.release.xcconfig */ = {isa = PBXFileReference; includeInIndex = 1; lastKnownFileType = text.xcconfig; name = "Pods-KimuLight.release.xcconfig"; path = "Pods/Target Support Files/Pods-KimuLight/Pods-KimuLight.release.xcconfig"; sourceTree = "<group>"; };
		DDDFDE640DEF54B769BAD2D8 /* Pods-KimuLight.debug.xcconfig */ = {isa = PBXFileReference; includeInIndex = 1; lastKnownFileType = text.xcconfig; name = "Pods-KimuLight.debug.xcconfig"; path = "Pods/Target Support Files/Pods-KimuLight/Pods-KimuLight.debug.xcconfig"; sourceTree = "<group>"; };
/* End PBXFileReference section */

/* Begin PBXFrameworksBuildPhase section */
		37EF25681C93D4220005E84A /* Frameworks */ = {
			isa = PBXFrameworksBuildPhase;
			buildActionMask = 2147483647;
			files = (
				FF022AA0F5B677725E9DD39C /* Pods_KimuLight.framework in Frameworks */,
			);
			runOnlyForDeploymentPostprocessing = 0;
		};
/* End PBXFrameworksBuildPhase section */

/* Begin PBXGroup section */
		26ABEFEBA1E0E7468468D791 /* Frameworks */ = {
			isa = PBXGroup;
			children = (
				36D8B6A275A1034D36149AD6 /* Pods_KimuLight.framework */,
			);
			name = Frameworks;
			sourceTree = "<group>";
		};
		37EF25621C93D4220005E84A = {
			isa = PBXGroup;
			children = (
				37EF256D1C93D4220005E84A /* KimuLight */,
				37EF256C1C93D4220005E84A /* Products */,
				67D408A835DD7CCA6A022425 /* Pods */,
				26ABEFEBA1E0E7468468D791 /* Frameworks */,
			);
			sourceTree = "<group>";
		};
		37EF256C1C93D4220005E84A /* Products */ = {
			isa = PBXGroup;
			children = (
				37EF256B1C93D4220005E84A /* KimuLight.app */,
			);
			name = Products;
			sourceTree = "<group>";
		};
		37EF256D1C93D4220005E84A /* KimuLight */ = {
			isa = PBXGroup;
			children = (
				37EF256E1C93D4220005E84A /* AppDelegate.swift */,
				37EF25701C93D4220005E84A /* ViewController.swift */,
				37EF25721C93D4220005E84A /* Main.storyboard */,
				37EF25751C93D4220005E84A /* Assets.xcassets */,
				37EF25771C93D4220005E84A /* LaunchScreen.storyboard */,
				37EF257A1C93D4220005E84A /* Info.plist */,
			);
			path = KimuLight;
			sourceTree = "<group>";
		};
		67D408A835DD7CCA6A022425 /* Pods */ = {
			isa = PBXGroup;
			children = (
				DDDFDE640DEF54B769BAD2D8 /* Pods-KimuLight.debug.xcconfig */,
				BE9D8711203DAEC637176BFF /* Pods-KimuLight.release.xcconfig */,
			);
			name = Pods;
			sourceTree = "<group>";
		};
/* End PBXGroup section */

/* Begin PBXNativeTarget section */
		37EF256A1C93D4220005E84A /* KimuLight */ = {
			isa = PBXNativeTarget;
			buildConfigurationList = 37EF257D1C93D4220005E84A /* Build configuration list for PBXNativeTarget "KimuLight" */;
			buildPhases = (
				6A36C68B50F255CE93D49F7A /* Check Pods Manifest.lock */,
				37EF25671C93D4220005E84A /* Sources */,
				37EF25681C93D4220005E84A /* Frameworks */,
				37EF25691C93D4220005E84A /* Resources */,
				A7CDA893D382D88ADE30876E /* Embed Pods Frameworks */,
				0E79E5BC6696F87A2AE8906E /* Copy Pods Resources */,
			);
			buildRules = (
			);
			dependencies = (
			);
			name = KimuLight;
			productName = KimuLight;
			productReference = 37EF256B1C93D4220005E84A /* KimuLight.app */;
			productType = "com.apple.product-type.application";
		};
/* End PBXNativeTarget section */

/* Begin PBXProject section */
		37EF25631C93D4220005E84A /* Project object */ = {
			isa = PBXProject;
			attributes = {
				LastSwiftUpdateCheck = 0720;
				LastUpgradeCheck = 0720;
				ORGANIZATIONNAME = "S. Murakami";
				TargetAttributes = {
					37EF256A1C93D4220005E84A = {
						CreatedOnToolsVersion = 7.2.1;
						DevelopmentTeam = G7SR6JMJ25;
					};
				};
			};
			buildConfigurationList = 37EF25661C93D4220005E84A /* Build configuration list for PBXProject "KimuLight" */;
			compatibilityVersion = "Xcode 3.2";
			developmentRegion = English;
			hasScannedForEncodings = 0;
			knownRegions = (
				en,
				Base,
			);
			mainGroup = 37EF25621C93D4220005E84A;
			productRefGroup = 37EF256C1C93D4220005E84A /* Products */;
			projectDirPath = "";
			projectRoot = "";
			targets = (
				37EF256A1C93D4220005E84A /* KimuLight */,
			);
		};
/* End PBXProject section */

/* Begin PBXResourcesBuildPhase section */
		37EF25691C93D4220005E84A /* Resources */ = {
			isa = PBXResourcesBuildPhase;
			buildActionMask = 2147483647;
			files = (
				37EF25791C93D4220005E84A /* LaunchScreen.storyboard in Resources */,
				37EF25761C93D4220005E84A /* Assets.xcassets in Resources */,
				37EF25741C93D4220005E84A /* Main.storyboard in Resources */,
			);
			runOnlyForDeploymentPostprocessing = 0;
		};
/* End PBXResourcesBuildPhase section */

/* Begin PBXShellScriptBuildPhase section */
		0E79E5BC6696F87A2AE8906E /* Copy Pods Resources */ = {
			isa = PBXShellScriptBuildPhase;
			buildActionMask = 2147483647;
			files = (
			);
			inputPaths = (
			);
			name = "Copy Pods Resources";
			outputPaths = (
			);
			runOnlyForDeploymentPostprocessing = 0;
			shellPath = /bin/sh;
			shellScript = "\"${SRCROOT}/Pods/Target Support Files/Pods-KimuLight/Pods-KimuLight-resources.sh\"\n";
			showEnvVarsInLog = 0;
		};
		6A36C68B50F255CE93D49F7A /* Check Pods Manifest.lock */ = {
			isa = PBXShellScriptBuildPhase;
			buildActionMask = 2147483647;
			files = (
			);
			inputPaths = (
			);
			name = "Check Pods Manifest.lock";
			outputPaths = (
			);
			runOnlyForDeploymentPostprocessing = 0;
			shellPath = /bin/sh;
			shellScript = "diff \"${PODS_ROOT}/../Podfile.lock\" \"${PODS_ROOT}/Manifest.lock\" > /dev/null\nif [[ $? != 0 ]] ; then\n    cat << EOM\nerror: The sandbox is not in sync with the Podfile.lock. Run 'pod install' or update your CocoaPods installation.\nEOM\n    exit 1\nfi\n";
			showEnvVarsInLog = 0;
		};
		A7CDA893D382D88ADE30876E /* Embed Pods Frameworks */ = {
			isa = PBXShellScriptBuildPhase;
			buildActionMask = 2147483647;
			files = (
			);
			inputPaths = (
			);
			name = "Embed Pods Frameworks";
			outputPaths = (
			);
			runOnlyForDeploymentPostprocessing = 0;
			shellPath = /bin/sh;
			shellScript = "\"${SRCROOT}/Pods/Target Support Files/Pods-KimuLight/Pods-KimuLight-frameworks.sh\"\n";
			showEnvVarsInLog = 0;
		};
/* End PBXShellScriptBuildPhase section */

/* Begin PBXSourcesBuildPhase section */
		37EF25671C93D4220005E84A /* Sources */ = {
			isa = PBXSourcesBuildPhase;
			buildActionMask = 2147483647;
			files = (
				37EF25711C93D4220005E84A /* ViewController.swift in Sources */,
				37EF256F1C93D4220005E84A /* AppDelegate.swift in Sources */,
			);
			runOnlyForDeploymentPostprocessing = 0;
		};
/* End PBXSourcesBuildPhase section */

/* Begin PBXVariantGroup section */
		37EF25721C93D4220005E84A /* Main.storyboard */ = {
			isa = PBXVariantGroup;
			children = (
				37EF25731C93D4220005E84A /* Base */,
			);
			name = Main.storyboard;
			sourceTree = "<group>";
		};
		37EF25771C93D4220005E84A /* LaunchScreen.storyboard */ = {
			isa = PBXVariantGroup;
			children = (
				37EF25781C93D4220005E84A /* Base */,
			);
			name = LaunchScreen.storyboard;
			sourceTree = "<group>";
		};
/* End PBXVariantGroup section */

/* Begin XCBuildConfiguration section */
		37EF257B1C93D4220005E84A /* Debug */ = {
			isa = XCBuildConfiguration;
			buildSettings = {
				ALWAYS_SEARCH_USER_PATHS = NO;
				CLANG_CXX_LANGUAGE_STANDARD = "gnu++0x";
				CLANG_CXX_LIBRARY = "libc++";
				CLANG_ENABLE_MODULES = YES;
				CLANG_ENABLE_OBJC_ARC = YES;
				CLANG_WARN_BOOL_CONVERSION = YES;
				CLANG_WARN_CONSTANT_CONVERSION = YES;
				CLANG_WARN_DIRECT_OBJC_ISA_USAGE = YES_ERROR;
				CLANG_WARN_EMPTY_BODY = YES;
				CLANG_WARN_ENUM_CONVERSION = YES;
				CLANG_WARN_INT_CONVERSION = YES;
				CLANG_WARN_OBJC_ROOT_CLASS = YES_ERROR;
				CLANG_WARN_UNREACHABLE_CODE = YES;
				CLANG_WARN__DUPLICATE_METHOD_MATCH = YES;
				"CODE_SIGN_IDENTITY[sdk=iphoneos*]" = "iPhone Developer";
				COPY_PHASE_STRIP = NO;
				DEBUG_INFORMATION_FORMAT = dwarf;
				ENABLE_STRICT_OBJC_MSGSEND = YES;
				ENABLE_TESTABILITY = YES;
				GCC_C_LANGUAGE_STANDARD = gnu99;
				GCC_DYNAMIC_NO_PIC = NO;
				GCC_NO_COMMON_BLOCKS = YES;
				GCC_OPTIMIZATION_LEVEL = 0;
				GCC_PREPROCESSOR_DEFINITIONS = (
					"DEBUG=1",
					"$(inherited)",
				);
				GCC_WARN_64_TO_32_BIT_CONVERSION = YES;
				GCC_WARN_ABOUT_RETURN_TYPE = YES_ERROR;
				GCC_WARN_UNDECLARED_SELECTOR = YES;
				GCC_WARN_UNINITIALIZED_AUTOS = YES_AGGRESSIVE;
				GCC_WARN_UNUSED_FUNCTION = YES;
				GCC_WARN_UNUSED_VARIABLE = YES;
				IPHONEOS_DEPLOYMENT_TARGET = 9.2;
				MTL_ENABLE_DEBUG_INFO = YES;
				ONLY_ACTIVE_ARCH = YES;
				SDKROOT = iphoneos;
				SWIFT_OPTIMIZATION_LEVEL = "-Onone";
			};
			name = Debug;
		};
		37EF257C1C93D4220005E84A /* Release */ = {
			isa = XCBuildConfiguration;
			buildSettings = {
				ALWAYS_SEARCH_USER_PATHS = NO;
				CLANG_CXX_LANGUAGE_STANDARD = "gnu++0x";
				CLANG_CXX_LIBRARY = "libc++";
				CLANG_ENABLE_MODULES = YES;
				CLANG_ENABLE_OBJC_ARC = YES;
				CLANG_WARN_BOOL_CONVERSION = YES;
				CLANG_WARN_CONSTANT_CONVERSION = YES;
				CLANG_WARN_DIRECT_OBJC_ISA_USAGE = YES_ERROR;
				CLANG_WARN_EMPTY_BODY = YES;
				CLANG_WARN_ENUM_CONVERSION = YES;
				CLANG_WARN_INT_CONVERSION = YES;
				CLANG_WARN_OBJC_ROOT_CLASS = YES_ERROR;
				CLANG_WARN_UNREACHABLE_CODE = YES;
				CLANG_WARN__DUPLICATE_METHOD_MATCH = YES;
				"CODE_SIGN_IDENTITY[sdk=iphoneos*]" = "iPhone Developer";
				COPY_PHASE_STRIP = NO;
				DEBUG_INFORMATION_FORMAT = "dwarf-with-dsym";
				ENABLE_NS_ASSERTIONS = NO;
				ENABLE_STRICT_OBJC_MSGSEND = YES;
				GCC_C_LANGUAGE_STANDARD = gnu99;
				GCC_NO_COMMON_BLOCKS = YES;
				GCC_WARN_64_TO_32_BIT_CONVERSION = YES;
				GCC_WARN_ABOUT_RETURN_TYPE = YES_ERROR;
				GCC_WARN_UNDECLARED_SELECTOR = YES;
				GCC_WARN_UNINITIALIZED_AUTOS = YES_AGGRESSIVE;
				GCC_WARN_UNUSED_FUNCTION = YES;
				GCC_WARN_UNUSED_VARIABLE = YES;
				IPHONEOS_DEPLOYMENT_TARGET = 9.2;
				MTL_ENABLE_DEBUG_INFO = NO;
				SDKROOT = iphoneos;
				VALIDATE_PRODUCT = YES;
			};
			name = Release;
		};
		37EF257E1C93D4220005E84A /* Debug */ = {
			isa = XCBuildConfiguration;
			baseConfigurationReference = DDDFDE640DEF54B769BAD2D8 /* Pods-KimuLight.debug.xcconfig */;
			buildSettings = {
				ASSETCATALOG_COMPILER_APPICON_NAME = AppIcon;
				CODE_SIGN_IDENTITY = "iPhone Developer";
				INFOPLIST_FILE = KimuLight/Info.plist;
				LD_RUNPATH_SEARCH_PATHS = "$(inherited) @executable_path/Frameworks";
				PRODUCT_BUNDLE_IDENTIFIER = com.smurakami.KimuLight;
				PRODUCT_NAME = "$(TARGET_NAME)";
			};
			name = Debug;
		};
		37EF257F1C93D4220005E84A /* Release */ = {
			isa = XCBuildConfiguration;
			baseConfigurationReference = BE9D8711203DAEC637176BFF /* Pods-KimuLight.release.xcconfig */;
			buildSettings = {
				ASSETCATALOG_COMPILER_APPICON_NAME = AppIcon;
				CODE_SIGN_IDENTITY = "iPhone Developer";
				INFOPLIST_FILE = KimuLight/Info.plist;
				LD_RUNPATH_SEARCH_PATHS = "$(inherited) @executable_path/Frameworks";
				PRODUCT_BUNDLE_IDENTIFIER = com.smurakami.KimuLight;
				PRODUCT_NAME = "$(TARGET_NAME)";
			};
			name = Release;
		};
/* End XCBuildConfiguration section */

/* Begin XCConfigurationList section */
		37EF25661C93D4220005E84A /* Build configuration list for PBXProject "KimuLight" */ = {
			isa = XCConfigurationList;
			buildConfigurations = (
				37EF257B1C93D4220005E84A /* Debug */,
				37EF257C1C93D4220005E84A /* Release */,
			);
			defaultConfigurationIsVisible = 0;
			defaultConfigurationName = Release;
		};
		37EF257D1C93D4220005E84A /* Build configuration list for PBXNativeTarget "KimuLight" */ = {
			isa = XCConfigurationList;
			buildConfigurations = (
				37EF257E1C93D4220005E84A /* Debug */,
				37EF257F1C93D4220005E84A /* Release */,
			);
			defaultConfigurationIsVisible = 0;
			defaultConfigurationName = Release;
		};
/* End XCConfigurationList section */
	};
	rootObject = 37EF25631C93D4220005E84A /* Project object */;
}
